// !$*UTF8*$!
{
	archiveVersion = 1;
	classes = {
	};
	objectVersion = 50;
	objects = {

/* Begin PBXBuildFile section */
		F451533420EB0CAB0033E9CF /* SystemInteractiveViewController.swift in Sources */ = {isa = PBXBuildFile; fileRef = F451533320EB0CAB0033E9CF /* SystemInteractiveViewController.swift */; };
		F4C2192C20EA237100F5D7B9 /* AppDelegate.swift in Sources */ = {isa = PBXBuildFile; fileRef = F4C2192B20EA237100F5D7B9 /* AppDelegate.swift */; };
		F4C2192E20EA237100F5D7B9 /* ViewController.swift in Sources */ = {isa = PBXBuildFile; fileRef = F4C2192D20EA237100F5D7B9 /* ViewController.swift */; };
		F4C2193120EA237100F5D7B9 /* Main.storyboard in Resources */ = {isa = PBXBuildFile; fileRef = F4C2192F20EA237100F5D7B9 /* Main.storyboard */; };
		F4C2193320EA237300F5D7B9 /* Assets.xcassets in Resources */ = {isa = PBXBuildFile; fileRef = F4C2193220EA237300F5D7B9 /* Assets.xcassets */; };
		F4C2193620EA237300F5D7B9 /* LaunchScreen.storyboard in Resources */ = {isa = PBXBuildFile; fileRef = F4C2193420EA237300F5D7B9 /* LaunchScreen.storyboard */; };
		F4C2194A20EA24E500F5D7B9 /* WebViewJavascriptBridgeBase.m in Sources */ = {isa = PBXBuildFile; fileRef = F4C2194220EA24E500F5D7B9 /* WebViewJavascriptBridgeBase.m */; };
		F4C2194B20EA24E500F5D7B9 /* WKWebViewJavascriptBridge.m in Sources */ = {isa = PBXBuildFile; fileRef = F4C2194320EA24E500F5D7B9 /* WKWebViewJavascriptBridge.m */; };
		F4C2194C20EA24E500F5D7B9 /* WebViewJavascriptBridge.m in Sources */ = {isa = PBXBuildFile; fileRef = F4C2194420EA24E500F5D7B9 /* WebViewJavascriptBridge.m */; };
		F4C2194D20EA24E500F5D7B9 /* WebViewJavascriptBridge_JS.m in Sources */ = {isa = PBXBuildFile; fileRef = F4C2194720EA24E500F5D7B9 /* WebViewJavascriptBridge_JS.m */; };
		F4C2194F20EA251B00F5D7B9 /* ExampleApp.html in Resources */ = {isa = PBXBuildFile; fileRef = F4C2194E20EA251A00F5D7B9 /* ExampleApp.html */; };
/* End PBXBuildFile section */

/* Begin PBXFileReference section */
		F451533320EB0CAB0033E9CF /* SystemInteractiveViewController.swift */ = {isa = PBXFileReference; lastKnownFileType = sourcecode.swift; path = SystemInteractiveViewController.swift; sourceTree = "<group>"; };
		F4C2192820EA237100F5D7B9 /* SwiftWithJS.app */ = {isa = PBXFileReference; explicitFileType = wrapper.application; includeInIndex = 0; path = SwiftWithJS.app; sourceTree = BUILT_PRODUCTS_DIR; };
		F4C2192B20EA237100F5D7B9 /* AppDelegate.swift */ = {isa = PBXFileReference; lastKnownFileType = sourcecode.swift; path = AppDelegate.swift; sourceTree = "<group>"; };
		F4C2192D20EA237100F5D7B9 /* ViewController.swift */ = {isa = PBXFileReference; lastKnownFileType = sourcecode.swift; path = ViewController.swift; sourceTree = "<group>"; };
		F4C2193020EA237100F5D7B9 /* Base */ = {isa = PBXFileReference; lastKnownFileType = file.storyboard; name = Base; path = Base.lproj/Main.storyboard; sourceTree = "<group>"; };
		F4C2193220EA237300F5D7B9 /* Assets.xcassets */ = {isa = PBXFileReference; lastKnownFileType = folder.assetcatalog; path = Assets.xcassets; sourceTree = "<group>"; };
		F4C2193520EA237300F5D7B9 /* Base */ = {isa = PBXFileReference; lastKnownFileType = file.storyboard; name = Base; path = Base.lproj/LaunchScreen.storyboard; sourceTree = "<group>"; };
		F4C2193720EA237300F5D7B9 /* Info.plist */ = {isa = PBXFileReference; lastKnownFileType = text.plist.xml; path = Info.plist; sourceTree = "<group>"; };
		F4C2193D20EA24D300F5D7B9 /* SwiftWithJS-Bridging-Header.h */ = {isa = PBXFileReference; lastKnownFileType = sourcecode.c.h; path = "SwiftWithJS-Bridging-Header.h"; sourceTree = "<group>"; };
		F4C2194220EA24E500F5D7B9 /* WebViewJavascriptBridgeBase.m */ = {isa = PBXFileReference; fileEncoding = 4; lastKnownFileType = sourcecode.c.objc; path = WebViewJavascriptBridgeBase.m; sourceTree = "<group>"; };
		F4C2194320EA24E500F5D7B9 /* WKWebViewJavascriptBridge.m */ = {isa = PBXFileReference; fileEncoding = 4; lastKnownFileType = sourcecode.c.objc; path = WKWebViewJavascriptBridge.m; sourceTree = "<group>"; };
		F4C2194420EA24E500F5D7B9 /* WebViewJavascriptBridge.m */ = {isa = PBXFileReference; fileEncoding = 4; lastKnownFileType = sourcecode.c.objc; path = WebViewJavascriptBridge.m; sourceTree = "<group>"; };
		F4C2194520EA24E500F5D7B9 /* WebViewJavascriptBridge_JS.h */ = {isa = PBXFileReference; fileEncoding = 4; lastKnownFileType = sourcecode.c.h; path = WebViewJavascriptBridge_JS.h; sourceTree = "<group>"; };
		F4C2194620EA24E500F5D7B9 /* WebViewJavascriptBridgeBase.h */ = {isa = PBXFileReference; fileEncoding = 4; lastKnownFileType = sourcecode.c.h; path = WebViewJavascriptBridgeBase.h; sourceTree = "<group>"; };
		F4C2194720EA24E500F5D7B9 /* WebViewJavascriptBridge_JS.m */ = {isa = PBXFileReference; fileEncoding = 4; lastKnownFileType = sourcecode.c.objc; path = WebViewJavascriptBridge_JS.m; sourceTree = "<group>"; };
		F4C2194820EA24E500F5D7B9 /* WebViewJavascriptBridge.h */ = {isa = PBXFileReference; fileEncoding = 4; lastKnownFileType = sourcecode.c.h; path = WebViewJavascriptBridge.h; sourceTree = "<group>"; };
		F4C2194920EA24E500F5D7B9 /* WKWebViewJavascriptBridge.h */ = {isa = PBXFileReference; fileEncoding = 4; lastKnownFileType = sourcecode.c.h; path = WKWebViewJavascriptBridge.h; sourceTree = "<group>"; };
		F4C2194E20EA251A00F5D7B9 /* ExampleApp.html */ = {isa = PBXFileReference; fileEncoding = 4; lastKnownFileType = text.html; path = ExampleApp.html; sourceTree = "<group>"; };
/* End PBXFileReference section */

/* Begin PBXFrameworksBuildPhase section */
		F4C2192520EA237100F5D7B9 /* Frameworks */ = {
			isa = PBXFrameworksBuildPhase;
			buildActionMask = 2147483647;
			files = (
			);
			runOnlyForDeploymentPostprocessing = 0;
		};
/* End PBXFrameworksBuildPhase section */

/* Begin PBXGroup section */
		F4C2191F20EA237000F5D7B9 = {
			isa = PBXGroup;
			children = (
				F4C2192A20EA237100F5D7B9 /* SwiftWithJS */,
				F4C2192920EA237100F5D7B9 /* Products */,
			);
			sourceTree = "<group>";
		};
		F4C2192920EA237100F5D7B9 /* Products */ = {
			isa = PBXGroup;
			children = (
				F4C2192820EA237100F5D7B9 /* SwiftWithJS.app */,
			);
			name = Products;
			sourceTree = "<group>";
		};
		F4C2192A20EA237100F5D7B9 /* SwiftWithJS */ = {
			isa = PBXGroup;
			children = (
				F4C2194E20EA251A00F5D7B9 /* ExampleApp.html */,
				F4C2192B20EA237100F5D7B9 /* AppDelegate.swift */,
				F4C2192D20EA237100F5D7B9 /* ViewController.swift */,
				F451533320EB0CAB0033E9CF /* SystemInteractiveViewController.swift */,
				F4C2192F20EA237100F5D7B9 /* Main.storyboard */,
				F4C2193220EA237300F5D7B9 /* Assets.xcassets */,
				F4C2193420EA237300F5D7B9 /* LaunchScreen.storyboard */,
				F4C2194120EA24E500F5D7B9 /* WebViewJavascriptBridge */,
				F4C2193720EA237300F5D7B9 /* Info.plist */,
				F4C2193D20EA24D300F5D7B9 /* SwiftWithJS-Bridging-Header.h */,
			);
			path = SwiftWithJS;
			sourceTree = "<group>";
		};
		F4C2194120EA24E500F5D7B9 /* WebViewJavascriptBridge */ = {
			isa = PBXGroup;
			children = (
				F4C2194220EA24E500F5D7B9 /* WebViewJavascriptBridgeBase.m */,
				F4C2194320EA24E500F5D7B9 /* WKWebViewJavascriptBridge.m */,
				F4C2194420EA24E500F5D7B9 /* WebViewJavascriptBridge.m */,
				F4C2194520EA24E500F5D7B9 /* WebViewJavascriptBridge_JS.h */,
				F4C2194620EA24E500F5D7B9 /* WebViewJavascriptBridgeBase.h */,
				F4C2194720EA24E500F5D7B9 /* WebViewJavascriptBridge_JS.m */,
				F4C2194820EA24E500F5D7B9 /* WebViewJavascriptBridge.h */,
				F4C2194920EA24E500F5D7B9 /* WKWebViewJavascriptBridge.h */,
			);
			path = WebViewJavascriptBridge;
			sourceTree = "<group>";
		};
/* End PBXGroup section */

/* Begin PBXNativeTarget section */
		F4C2192720EA237100F5D7B9 /* SwiftWithJS */ = {
			isa = PBXNativeTarget;
			buildConfigurationList = F4C2193A20EA237300F5D7B9 /* Build configuration list for PBXNativeTarget "SwiftWithJS" */;
			buildPhases = (
				F4C2192420EA237100F5D7B9 /* Sources */,
				F4C2192520EA237100F5D7B9 /* Frameworks */,
				F4C2192620EA237100F5D7B9 /* Resources */,
			);
			buildRules = (
			);
			dependencies = (
			);
			name = SwiftWithJS;
			productName = SwiftWithJS;
			productReference = F4C2192820EA237100F5D7B9 /* SwiftWithJS.app */;
			productType = "com.apple.product-type.application";
		};
/* End PBXNativeTarget section */

/* Begin PBXProject section */
		F4C2192020EA237000F5D7B9 /* Project object */ = {
			isa = PBXProject;
			attributes = {
				LastSwiftUpdateCheck = 0930;
				LastUpgradeCheck = 0930;
				ORGANIZATIONNAME = Kayling;
				TargetAttributes = {
					F4C2192720EA237100F5D7B9 = {
						CreatedOnToolsVersion = 9.3;
						LastSwiftMigration = 0930;
					};
				};
			};
			buildConfigurationList = F4C2192320EA237000F5D7B9 /* Build configuration list for PBXProject "SwiftWithJS" */;
			compatibilityVersion = "Xcode 9.3";
			developmentRegion = en;
			hasScannedForEncodings = 0;
			knownRegions = (
				en,
				Base,
			);
			mainGroup = F4C2191F20EA237000F5D7B9;
			productRefGroup = F4C2192920EA237100F5D7B9 /* Products */;
			projectDirPath = "";
			projectRoot = "";
			targets = (
				F4C2192720EA237100F5D7B9 /* SwiftWithJS */,
			);
		};
/* End PBXProject section */

/* Begin PBXResourcesBuildPhase section */
		F4C2192620EA237100F5D7B9 /* Resources */ = {
			isa = PBXResourcesBuildPhase;
			buildActionMask = 2147483647;
			files = (
				F4C2193620EA237300F5D7B9 /* LaunchScreen.storyboard in Resources */,
				F4C2193320EA237300F5D7B9 /* Assets.xcassets in Resources */,
				F4C2193120EA237100F5D7B9 /* Main.storyboard in Resources */,
				F4C2194F20EA251B00F5D7B9 /* ExampleApp.html in Resources */,
			);
			runOnlyForDeploymentPostprocessing = 0;
		};
/* End PBXResourcesBuildPhase section */

/* Begin PBXSourcesBuildPhase section */
		F4C2192420EA237100F5D7B9 /* Sources */ = {
			isa = PBXSourcesBuildPhase;
			buildActionMask = 2147483647;
			files = (
				F451533420EB0CAB0033E9CF /* SystemInteractiveViewController.swift in Sources */,
				F4C2192E20EA237100F5D7B9 /* ViewController.swift in Sources */,
				F4C2194B20EA24E500F5D7B9 /* WKWebViewJavascriptBridge.m in Sources */,
				F4C2194D20EA24E500F5D7B9 /* WebViewJavascriptBridge_JS.m in Sources */,
				F4C2194A20EA24E500F5D7B9 /* WebViewJavascriptBridgeBase.m in Sources */,
				F4C2192C20EA237100F5D7B9 /* AppDelegate.swift in Sources */,
				F4C2194C20EA24E500F5D7B9 /* WebViewJavascriptBridge.m in Sources */,
			);
			runOnlyForDeploymentPostprocessing = 0;
		};
/* End PBXSourcesBuildPhase section */

/* Begin PBXVariantGroup section */
		F4C2192F20EA237100F5D7B9 /* Main.storyboard */ = {
			isa = PBXVariantGroup;
			children = (
				F4C2193020EA237100F5D7B9 /* Base */,
			);
			name = Main.storyboard;
			sourceTree = "<group>";
		};
		F4C2193420EA237300F5D7B9 /* LaunchScreen.storyboard */ = {
			isa = PBXVariantGroup;
			children = (
				F4C2193520EA237300F5D7B9 /* Base */,
			);
			name = LaunchScreen.storyboard;
			sourceTree = "<group>";
		};
/* End PBXVariantGroup section */

/* Begin XCBuildConfiguration section */
		F4C2193820EA237300F5D7B9 /* Debug */ = {
			isa = XCBuildConfiguration;
			buildSettings = {
				ALWAYS_SEARCH_USER_PATHS = NO;
				CLANG_ANALYZER_NONNULL = YES;
				CLANG_ANALYZER_NUMBER_OBJECT_CONVERSION = YES_AGGRESSIVE;
				CLANG_CXX_LANGUAGE_STANDARD = "gnu++14";
				CLANG_CXX_LIBRARY = "libc++";
				CLANG_ENABLE_MODULES = YES;
				CLANG_ENABLE_OBJC_ARC = YES;
				CLANG_ENABLE_OBJC_WEAK = YES;
				CLANG_WARN_BLOCK_CAPTURE_AUTORELEASING = YES;
				CLANG_WARN_BOOL_CONVERSION = YES;
				CLANG_WARN_COMMA = YES;
				CLANG_WARN_CONSTANT_CONVERSION = YES;
				CLANG_WARN_DEPRECATED_OBJC_IMPLEMENTATIONS = YES;
				CLANG_WARN_DIRECT_OBJC_ISA_USAGE = YES_ERROR;
				CLANG_WARN_DOCUMENTATION_COMMENTS = YES;
				CLANG_WARN_EMPTY_BODY = YES;
				CLANG_WARN_ENUM_CONVERSION = YES;
				CLANG_WARN_INFINITE_RECURSION = YES;
				CLANG_WARN_INT_CONVERSION = YES;
				CLANG_WARN_NON_LITERAL_NULL_CONVERSION = YES;
				CLANG_WARN_OBJC_IMPLICIT_RETAIN_SELF = YES;
				CLANG_WARN_OBJC_LITERAL_CONVERSION = YES;
				CLANG_WARN_OBJC_ROOT_CLASS = YES_ERROR;
				CLANG_WARN_RANGE_LOOP_ANALYSIS = YES;
				CLANG_WARN_STRICT_PROTOTYPES = YES;
				CLANG_WARN_SUSPICIOUS_MOVE = YES;
				CLANG_WARN_UNGUARDED_AVAILABILITY = YES_AGGRESSIVE;
				CLANG_WARN_UNREACHABLE_CODE = YES;
				CLANG_WARN__DUPLICATE_METHOD_MATCH = YES;
				CODE_SIGN_IDENTITY = "iPhone Developer";
				COPY_PHASE_STRIP = NO;
				DEBUG_INFORMATION_FORMAT = dwarf;
				ENABLE_STRICT_OBJC_MSGSEND = YES;
				ENABLE_TESTABILITY = YES;
				GCC_C_LANGUAGE_STANDARD = gnu11;
				GCC_DYNAMIC_NO_PIC = NO;
				GCC_NO_COMMON_BLOCKS = YES;
				GCC_OPTIMIZATION_LEVEL = 0;
				GCC_PREPROCESSOR_DEFINITIONS = (
					"DEBUG=1",
					"$(inherited)",
				);
				GCC_WARN_64_TO_32_BIT_CONVERSION = YES;
				GCC_WARN_ABOUT_RETURN_TYPE = YES_ERROR;
				GCC_WARN_UNDECLARED_SELECTOR = YES;
				GCC_WARN_UNINITIALIZED_AUTOS = YES_AGGRESSIVE;
				GCC_WARN_UNUSED_FUNCTION = YES;
				GCC_WARN_UNUSED_VARIABLE = YES;
				IPHONEOS_DEPLOYMENT_TARGET = 11.3;
				MTL_ENABLE_DEBUG_INFO = YES;
				ONLY_ACTIVE_ARCH = YES;
				SDKROOT = iphoneos;
				SWIFT_ACTIVE_COMPILATION_CONDITIONS = DEBUG;
				SWIFT_OPTIMIZATION_LEVEL = "-Onone";
			};
			name = Debug;
		};
		F4C2193920EA237300F5D7B9 /* Release */ = {
			isa = XCBuildConfiguration;
			buildSettings = {
				ALWAYS_SEARCH_USER_PATHS = NO;
				CLANG_ANALYZER_NONNULL = YES;
				CLANG_ANALYZER_NUMBER_OBJECT_CONVERSION = YES_AGGRESSIVE;
				CLANG_CXX_LANGUAGE_STANDARD = "gnu++14";
				CLANG_CXX_LIBRARY = "libc++";
				CLANG_ENABLE_MODULES = YES;
				CLANG_ENABLE_OBJC_ARC = YES;
				CLANG_ENABLE_OBJC_WEAK = YES;
				CLANG_WARN_BLOCK_CAPTURE_AUTORELEASING = YES;
				CLANG_WARN_BOOL_CONVERSION = YES;
				CLANG_WARN_COMMA = YES;
				CLANG_WARN_CONSTANT_CONVERSION = YES;
				CLANG_WARN_DEPRECATED_OBJC_IMPLEMENTATIONS = YES;
				CLANG_WARN_DIRECT_OBJC_ISA_USAGE = YES_ERROR;
				CLANG_WARN_DOCUMENTATION_COMMENTS = YES;
				CLANG_WARN_EMPTY_BODY = YES;
				CLANG_WARN_ENUM_CONVERSION = YES;
				CLANG_WARN_INFINITE_RECURSION = YES;
				CLANG_WARN_INT_CONVERSION = YES;
				CLANG_WARN_NON_LITERAL_NULL_CONVERSION = YES;
				CLANG_WARN_OBJC_IMPLICIT_RETAIN_SELF = YES;
				CLANG_WARN_OBJC_LITERAL_CONVERSION = YES;
				CLANG_WARN_OBJC_ROOT_CLASS = YES_ERROR;
				CLANG_WARN_RANGE_LOOP_ANALYSIS = YES;
				CLANG_WARN_STRICT_PROTOTYPES = YES;
				CLANG_WARN_SUSPICIOUS_MOVE = YES;
				CLANG_WARN_UNGUARDED_AVAILABILITY = YES_AGGRESSIVE;
				CLANG_WARN_UNREACHABLE_CODE = YES;
				CLANG_WARN__DUPLICATE_METHOD_MATCH = YES;
				CODE_SIGN_IDENTITY = "iPhone Developer";
				COPY_PHASE_STRIP = NO;
				DEBUG_INFORMATION_FORMAT = "dwarf-with-dsym";
				ENABLE_NS_ASSERTIONS = NO;
				ENABLE_STRICT_OBJC_MSGSEND = YES;
				GCC_C_LANGUAGE_STANDARD = gnu11;
				GCC_NO_COMMON_BLOCKS = YES;
				GCC_WARN_64_TO_32_BIT_CONVERSION = YES;
				GCC_WARN_ABOUT_RETURN_TYPE = YES_ERROR;
				GCC_WARN_UNDECLARED_SELECTOR = YES;
				GCC_WARN_UNINITIALIZED_AUTOS = YES_AGGRESSIVE;
				GCC_WARN_UNUSED_FUNCTION = YES;
				GCC_WARN_UNUSED_VARIABLE = YES;
				IPHONEOS_DEPLOYMENT_TARGET = 11.3;
				MTL_ENABLE_DEBUG_INFO = NO;
				SDKROOT = iphoneos;
				SWIFT_COMPILATION_MODE = wholemodule;
				SWIFT_OPTIMIZATION_LEVEL = "-O";
				VALIDATE_PRODUCT = YES;
			};
			name = Release;
		};
		F4C2193B20EA237300F5D7B9 /* Debug */ = {
			isa = XCBuildConfiguration;
			buildSettings = {
				ASSETCATALOG_COMPILER_APPICON_NAME = AppIcon;
				CLANG_ENABLE_MODULES = YES;
				CODE_SIGN_STYLE = Automatic;
				DEVELOPMENT_TEAM = 3VWZXR7N29;
				INFOPLIST_FILE = SwiftWithJS/Info.plist;
				LD_RUNPATH_SEARCH_PATHS = (
					"$(inherited)",
					"@executable_path/Frameworks",
				);
				PRODUCT_BUNDLE_IDENTIFIER = com.rongyu.SwiftWithJS;
				PRODUCT_NAME = "$(TARGET_NAME)";
				SWIFT_OBJC_BRIDGING_HEADER = "SwiftWithJS/SwiftWithJS-Bridging-Header.h";
				SWIFT_OPTIMIZATION_LEVEL = "-Onone";
				SWIFT_VERSION = 4.0;
				TARGETED_DEVICE_FAMILY = "1,2";
			};
			name = Debug;
		};
		F4C2193C20EA237300F5D7B9 /* Release */ = {
			isa = XCBuildConfiguration;
			buildSettings = {
				ASSETCATALOG_COMPILER_APPICON_NAME = AppIcon;
				CLANG_ENABLE_MODULES = YES;
				CODE_SIGN_STYLE = Automatic;
				DEVELOPMENT_TEAM = 3VWZXR7N29;
				INFOPLIST_FILE = SwiftWithJS/Info.plist;
				LD_RUNPATH_SEARCH_PATHS = (
					"$(inherited)",
					"@executable_path/Frameworks",
				);
				PRODUCT_BUNDLE_IDENTIFIER = com.rongyu.SwiftWithJS;
				PRODUCT_NAME = "$(TARGET_NAME)";
				SWIFT_OBJC_BRIDGING_HEADER = "SwiftWithJS/SwiftWithJS-Bridging-Header.h";
				SWIFT_VERSION = 4.0;
				TARGETED_DEVICE_FAMILY = "1,2";
			};
			name = Release;
		};
/* End XCBuildConfiguration section */

/* Begin XCConfigurationList section */
		F4C2192320EA237000F5D7B9 /* Build configuration list for PBXProject "SwiftWithJS" */ = {
			isa = XCConfigurationList;
			buildConfigurations = (
				F4C2193820EA237300F5D7B9 /* Debug */,
				F4C2193920EA237300F5D7B9 /* Release */,
			);
			defaultConfigurationIsVisible = 0;
			defaultConfigurationName = Release;
		};
		F4C2193A20EA237300F5D7B9 /* Build configuration list for PBXNativeTarget "SwiftWithJS" */ = {
			isa = XCConfigurationList;
			buildConfigurations = (
				F4C2193B20EA237300F5D7B9 /* Debug */,
				F4C2193C20EA237300F5D7B9 /* Release */,
			);
			defaultConfigurationIsVisible = 0;
			defaultConfigurationName = Release;
		};
/* End XCConfigurationList section */
	};
	rootObject = F4C2192020EA237000F5D7B9 /* Project object */;
}
